// !$*UTF8*$!
{
	archiveVersion = 1;
	classes = {
	};
	objectVersion = 56;
	objects = {

/* Begin PBXBuildFile section */
		A00095012A2BF9F1001AA76C /* TestView.swift in Sources */ = {isa = PBXBuildFile; fileRef = A00095002A2BF9F1001AA76C /* TestView.swift */; };
		A07F39E92A28FEC60094DD4F /* ClassificationModel.swift in Sources */ = {isa = PBXBuildFile; fileRef = A07F39E82A28FEC60094DD4F /* ClassificationModel.swift */; };
		A07F39EB2A2904C40094DD4F /* CarRecognition.mlpackage in Sources */ = {isa = PBXBuildFile; fileRef = A07F39EA2A2904C40094DD4F /* CarRecognition.mlpackage */; };
		A07F39ED2A290A140094DD4F /* ImagePicker.swift in Sources */ = {isa = PBXBuildFile; fileRef = A07F39EC2A290A140094DD4F /* ImagePicker.swift */; };
		A07F39EF2A290E560094DD4F /* ImageReize.swift in Sources */ = {isa = PBXBuildFile; fileRef = A07F39EE2A290E560094DD4F /* ImageReize.swift */; };
		A07F39F32A295DB40094DD4F /* CreateCarView.swift in Sources */ = {isa = PBXBuildFile; fileRef = A07F39F22A295DB40094DD4F /* CreateCarView.swift */; };
		A07F39F52A295E8C0094DD4F /* CarModel.swift in Sources */ = {isa = PBXBuildFile; fileRef = A07F39F42A295E8C0094DD4F /* CarModel.swift */; };
		A07F39F72A295F320094DD4F /* MockCar.swift in Sources */ = {isa = PBXBuildFile; fileRef = A07F39F62A295F320094DD4F /* MockCar.swift */; };
		A07F39FD2A2963F50094DD4F /* BackgroundView.swift in Sources */ = {isa = PBXBuildFile; fileRef = A07F39FC2A2963F50094DD4F /* BackgroundView.swift */; };
		A0DA928A2A28F4500028E82F /* AutoSpotterApp.swift in Sources */ = {isa = PBXBuildFile; fileRef = A0DA92892A28F4500028E82F /* AutoSpotterApp.swift */; };
		A0DA928C2A28F4500028E82F /* HomeView.swift in Sources */ = {isa = PBXBuildFile; fileRef = A0DA928B2A28F4500028E82F /* HomeView.swift */; };
		A0DA928E2A28F4500028E82F /* Assets.xcassets in Resources */ = {isa = PBXBuildFile; fileRef = A0DA928D2A28F4500028E82F /* Assets.xcassets */; };
		A0DA92912A28F4500028E82F /* Preview Assets.xcassets in Resources */ = {isa = PBXBuildFile; fileRef = A0DA92902A28F4500028E82F /* Preview Assets.xcassets */; };
		A0DA92992A28F6B80028E82F /* Styling.swift in Sources */ = {isa = PBXBuildFile; fileRef = A0DA92982A28F6B80028E82F /* Styling.swift */; };
		A0DA929D2A28FCCC0028E82F /* AddCarImageView.swift in Sources */ = {isa = PBXBuildFile; fileRef = A0DA929C2A28FCCC0028E82F /* AddCarImageView.swift */; };
		A0F0B58E2A2BA82C00BF960A /* LoginView.swift in Sources */ = {isa = PBXBuildFile; fileRef = A0F0B58D2A2BA82C00BF960A /* LoginView.swift */; };
		A0F0B5922A2BA91600BF960A /* TextfieldPlaceholder.swift in Sources */ = {isa = PBXBuildFile; fileRef = A0F0B5912A2BA91600BF960A /* TextfieldPlaceholder.swift */; };
		A0F0B5952A2BECAA00BF960A /* FirebaseAuth in Frameworks */ = {isa = PBXBuildFile; productRef = A0F0B5942A2BECAA00BF960A /* FirebaseAuth */; };
		A0F0B5972A2BECAA00BF960A /* FirebaseFirestore in Frameworks */ = {isa = PBXBuildFile; productRef = A0F0B5962A2BECAA00BF960A /* FirebaseFirestore */; };
		A0F0B5992A2BED4300BF960A /* GoogleService-Info.plist in Resources */ = {isa = PBXBuildFile; fileRef = A0F0B5982A2BED4300BF960A /* GoogleService-Info.plist */; };
/* End PBXBuildFile section */

/* Begin PBXFileReference section */
		A00095002A2BF9F1001AA76C /* TestView.swift */ = {isa = PBXFileReference; lastKnownFileType = sourcecode.swift; path = TestView.swift; sourceTree = "<group>"; };
		A07F39E82A28FEC60094DD4F /* ClassificationModel.swift */ = {isa = PBXFileReference; lastKnownFileType = sourcecode.swift; path = ClassificationModel.swift; sourceTree = "<group>"; };
		A07F39EA2A2904C40094DD4F /* CarRecognition.mlpackage */ = {isa = PBXFileReference; lastKnownFileType = folder.mlpackage; name = CarRecognition.mlpackage; path = ../../../CarRecognition.mlpackage; sourceTree = "<group>"; };
		A07F39EC2A290A140094DD4F /* ImagePicker.swift */ = {isa = PBXFileReference; lastKnownFileType = sourcecode.swift; path = ImagePicker.swift; sourceTree = "<group>"; };
		A07F39EE2A290E560094DD4F /* ImageReize.swift */ = {isa = PBXFileReference; lastKnownFileType = sourcecode.swift; path = ImageReize.swift; sourceTree = "<group>"; };
		A07F39F22A295DB40094DD4F /* CreateCarView.swift */ = {isa = PBXFileReference; lastKnownFileType = sourcecode.swift; path = CreateCarView.swift; sourceTree = "<group>"; };
		A07F39F42A295E8C0094DD4F /* CarModel.swift */ = {isa = PBXFileReference; lastKnownFileType = sourcecode.swift; path = CarModel.swift; sourceTree = "<group>"; };
		A07F39F62A295F320094DD4F /* MockCar.swift */ = {isa = PBXFileReference; lastKnownFileType = sourcecode.swift; path = MockCar.swift; sourceTree = "<group>"; };
		A07F39FC2A2963F50094DD4F /* BackgroundView.swift */ = {isa = PBXFileReference; lastKnownFileType = sourcecode.swift; path = BackgroundView.swift; sourceTree = "<group>"; };
		A0DA92862A28F4500028E82F /* AutoSpotter.app */ = {isa = PBXFileReference; explicitFileType = wrapper.application; includeInIndex = 0; path = AutoSpotter.app; sourceTree = BUILT_PRODUCTS_DIR; };
		A0DA92892A28F4500028E82F /* AutoSpotterApp.swift */ = {isa = PBXFileReference; lastKnownFileType = sourcecode.swift; path = AutoSpotterApp.swift; sourceTree = "<group>"; };
		A0DA928B2A28F4500028E82F /* HomeView.swift */ = {isa = PBXFileReference; lastKnownFileType = sourcecode.swift; path = HomeView.swift; sourceTree = "<group>"; };
		A0DA928D2A28F4500028E82F /* Assets.xcassets */ = {isa = PBXFileReference; lastKnownFileType = folder.assetcatalog; path = Assets.xcassets; sourceTree = "<group>"; };
		A0DA92902A28F4500028E82F /* Preview Assets.xcassets */ = {isa = PBXFileReference; lastKnownFileType = folder.assetcatalog; path = "Preview Assets.xcassets"; sourceTree = "<group>"; };
		A0DA92982A28F6B80028E82F /* Styling.swift */ = {isa = PBXFileReference; lastKnownFileType = sourcecode.swift; path = Styling.swift; sourceTree = "<group>"; };
		A0DA929C2A28FCCC0028E82F /* AddCarImageView.swift */ = {isa = PBXFileReference; lastKnownFileType = sourcecode.swift; path = AddCarImageView.swift; sourceTree = "<group>"; };
		A0F0B58D2A2BA82C00BF960A /* LoginView.swift */ = {isa = PBXFileReference; lastKnownFileType = sourcecode.swift; path = LoginView.swift; sourceTree = "<group>"; };
		A0F0B5912A2BA91600BF960A /* TextfieldPlaceholder.swift */ = {isa = PBXFileReference; lastKnownFileType = sourcecode.swift; path = TextfieldPlaceholder.swift; sourceTree = "<group>"; };
		A0F0B5982A2BED4300BF960A /* GoogleService-Info.plist */ = {isa = PBXFileReference; fileEncoding = 4; lastKnownFileType = text.plist.xml; path = "GoogleService-Info.plist"; sourceTree = "<group>"; };
/* End PBXFileReference section */

/* Begin PBXFrameworksBuildPhase section */
		A0DA92832A28F4500028E82F /* Frameworks */ = {
			isa = PBXFrameworksBuildPhase;
			buildActionMask = 2147483647;
			files = (
				A0F0B5952A2BECAA00BF960A /* FirebaseAuth in Frameworks */,
				A0F0B5972A2BECAA00BF960A /* FirebaseFirestore in Frameworks */,
			);
			runOnlyForDeploymentPostprocessing = 0;
		};
/* End PBXFrameworksBuildPhase section */

/* Begin PBXGroup section */
		A0DA927D2A28F4500028E82F = {
			isa = PBXGroup;
			children = (
				A0DA92882A28F4500028E82F /* AutoSpotter */,
				A0DA92872A28F4500028E82F /* Products */,
			);
			sourceTree = "<group>";
		};
		A0DA92872A28F4500028E82F /* Products */ = {
			isa = PBXGroup;
			children = (
				A0DA92862A28F4500028E82F /* AutoSpotter.app */,
			);
			name = Products;
			sourceTree = "<group>";
		};
		A0DA92882A28F4500028E82F /* AutoSpotter */ = {
			isa = PBXGroup;
			children = (
				A0DA92892A28F4500028E82F /* AutoSpotterApp.swift */,
				A0F0B58D2A2BA82C00BF960A /* LoginView.swift */,
				A00095002A2BF9F1001AA76C /* TestView.swift */,
				A07F39F62A295F320094DD4F /* MockCar.swift */,
				A0DA928B2A28F4500028E82F /* HomeView.swift */,
				A07F39FC2A2963F50094DD4F /* BackgroundView.swift */,
				A0DA929C2A28FCCC0028E82F /* AddCarImageView.swift */,
				A07F39F22A295DB40094DD4F /* CreateCarView.swift */,
				A07F39E82A28FEC60094DD4F /* ClassificationModel.swift */,
				A07F39F42A295E8C0094DD4F /* CarModel.swift */,
				A07F39EA2A2904C40094DD4F /* CarRecognition.mlpackage */,
				A0DA92972A28F6AE0028E82F /* Tools */,
				A0DA928D2A28F4500028E82F /* Assets.xcassets */,
				A0F0B5982A2BED4300BF960A /* GoogleService-Info.plist */,
				A0DA928F2A28F4500028E82F /* Preview Content */,
			);
			path = AutoSpotter;
			sourceTree = "<group>";
		};
		A0DA928F2A28F4500028E82F /* Preview Content */ = {
			isa = PBXGroup;
			children = (
				A0DA92902A28F4500028E82F /* Preview Assets.xcassets */,
			);
			path = "Preview Content";
			sourceTree = "<group>";
		};
		A0DA92972A28F6AE0028E82F /* Tools */ = {
			isa = PBXGroup;
			children = (
				A07F39EC2A290A140094DD4F /* ImagePicker.swift */,
				A0F0B5912A2BA91600BF960A /* TextfieldPlaceholder.swift */,
				A07F39EE2A290E560094DD4F /* ImageReize.swift */,
				A0DA92982A28F6B80028E82F /* Styling.swift */,
			);
			path = Tools;
			sourceTree = "<group>";
		};
/* End PBXGroup section */

/* Begin PBXNativeTarget section */
		A0DA92852A28F4500028E82F /* AutoSpotter */ = {
			isa = PBXNativeTarget;
			buildConfigurationList = A0DA92942A28F4500028E82F /* Build configuration list for PBXNativeTarget "AutoSpotter" */;
			buildPhases = (
				A0DA92822A28F4500028E82F /* Sources */,
				A0DA92832A28F4500028E82F /* Frameworks */,
				A0DA92842A28F4500028E82F /* Resources */,
			);
			buildRules = (
			);
			dependencies = (
			);
			name = AutoSpotter;
			packageProductDependencies = (
				A0F0B5942A2BECAA00BF960A /* FirebaseAuth */,
				A0F0B5962A2BECAA00BF960A /* FirebaseFirestore */,
			);
			productName = AutoSpotter;
			productReference = A0DA92862A28F4500028E82F /* AutoSpotter.app */;
			productType = "com.apple.product-type.application";
		};
/* End PBXNativeTarget section */

/* Begin PBXProject section */
		A0DA927E2A28F4500028E82F /* Project object */ = {
			isa = PBXProject;
			attributes = {
				BuildIndependentTargetsInParallel = 1;
				LastSwiftUpdateCheck = 1430;
				LastUpgradeCheck = 1430;
				TargetAttributes = {
					A0DA92852A28F4500028E82F = {
						CreatedOnToolsVersion = 14.3;
					};
				};
			};
			buildConfigurationList = A0DA92812A28F4500028E82F /* Build configuration list for PBXProject "AutoSpotter" */;
			compatibilityVersion = "Xcode 14.0";
			developmentRegion = en;
			hasScannedForEncodings = 0;
			knownRegions = (
				en,
				Base,
			);
			mainGroup = A0DA927D2A28F4500028E82F;
			packageReferences = (
				A0F0B5932A2BECAA00BF960A /* XCRemoteSwiftPackageReference "firebase-ios-sdk" */,
			);
			productRefGroup = A0DA92872A28F4500028E82F /* Products */;
			projectDirPath = "";
			projectRoot = "";
			targets = (
				A0DA92852A28F4500028E82F /* AutoSpotter */,
			);
		};
/* End PBXProject section */

/* Begin PBXResourcesBuildPhase section */
		A0DA92842A28F4500028E82F /* Resources */ = {
			isa = PBXResourcesBuildPhase;
			buildActionMask = 2147483647;
			files = (
				A0DA92912A28F4500028E82F /* Preview Assets.xcassets in Resources */,
				A0DA928E2A28F4500028E82F /* Assets.xcassets in Resources */,
				A0F0B5992A2BED4300BF960A /* GoogleService-Info.plist in Resources */,
			);
			runOnlyForDeploymentPostprocessing = 0;
		};
/* End PBXResourcesBuildPhase section */

/* Begin PBXSourcesBuildPhase section */
		A0DA92822A28F4500028E82F /* Sources */ = {
			isa = PBXSourcesBuildPhase;
			buildActionMask = 2147483647;
			files = (
				A0DA92992A28F6B80028E82F /* Styling.swift in Sources */,
				A0F0B5922A2BA91600BF960A /* TextfieldPlaceholder.swift in Sources */,
				A07F39E92A28FEC60094DD4F /* ClassificationModel.swift in Sources */,
				A07F39F72A295F320094DD4F /* MockCar.swift in Sources */,
				A07F39EB2A2904C40094DD4F /* CarRecognition.mlpackage in Sources */,
				A07F39ED2A290A140094DD4F /* ImagePicker.swift in Sources */,
				A00095012A2BF9F1001AA76C /* TestView.swift in Sources */,
				A0DA928C2A28F4500028E82F /* HomeView.swift in Sources */,
				A07F39FD2A2963F50094DD4F /* BackgroundView.swift in Sources */,
				A07F39EF2A290E560094DD4F /* ImageReize.swift in Sources */,
				A07F39F52A295E8C0094DD4F /* CarModel.swift in Sources */,
				A0DA929D2A28FCCC0028E82F /* AddCarImageView.swift in Sources */,
				A0F0B58E2A2BA82C00BF960A /* LoginView.swift in Sources */,
				A0DA928A2A28F4500028E82F /* AutoSpotterApp.swift in Sources */,
				A07F39F32A295DB40094DD4F /* CreateCarView.swift in Sources */,
			);
			runOnlyForDeploymentPostprocessing = 0;
		};
/* End PBXSourcesBuildPhase section */

/* Begin XCBuildConfiguration section */
		A0DA92922A28F4500028E82F /* Debug */ = {
			isa = XCBuildConfiguration;
			buildSettings = {
				ALWAYS_SEARCH_USER_PATHS = NO;
				CLANG_ANALYZER_NONNULL = YES;
				CLANG_ANALYZER_NUMBER_OBJECT_CONVERSION = YES_AGGRESSIVE;
				CLANG_CXX_LANGUAGE_STANDARD = "gnu++20";
				CLANG_ENABLE_MODULES = YES;
				CLANG_ENABLE_OBJC_ARC = YES;
				CLANG_ENABLE_OBJC_WEAK = YES;
				CLANG_WARN_BLOCK_CAPTURE_AUTORELEASING = YES;
				CLANG_WARN_BOOL_CONVERSION = YES;
				CLANG_WARN_COMMA = YES;
				CLANG_WARN_CONSTANT_CONVERSION = YES;
				CLANG_WARN_DEPRECATED_OBJC_IMPLEMENTATIONS = YES;
				CLANG_WARN_DIRECT_OBJC_ISA_USAGE = YES_ERROR;
				CLANG_WARN_DOCUMENTATION_COMMENTS = YES;
				CLANG_WARN_EMPTY_BODY = YES;
				CLANG_WARN_ENUM_CONVERSION = YES;
				CLANG_WARN_INFINITE_RECURSION = YES;
				CLANG_WARN_INT_CONVERSION = YES;
				CLANG_WARN_NON_LITERAL_NULL_CONVERSION = YES;
				CLANG_WARN_OBJC_IMPLICIT_RETAIN_SELF = YES;
				CLANG_WARN_OBJC_LITERAL_CONVERSION = YES;
				CLANG_WARN_OBJC_ROOT_CLASS = YES_ERROR;
				CLANG_WARN_QUOTED_INCLUDE_IN_FRAMEWORK_HEADER = YES;
				CLANG_WARN_RANGE_LOOP_ANALYSIS = YES;
				CLANG_WARN_STRICT_PROTOTYPES = YES;
				CLANG_WARN_SUSPICIOUS_MOVE = YES;
				CLANG_WARN_UNGUARDED_AVAILABILITY = YES_AGGRESSIVE;
				CLANG_WARN_UNREACHABLE_CODE = YES;
				CLANG_WARN__DUPLICATE_METHOD_MATCH = YES;
				COPY_PHASE_STRIP = NO;
				DEBUG_INFORMATION_FORMAT = dwarf;
				ENABLE_STRICT_OBJC_MSGSEND = YES;
				ENABLE_TESTABILITY = YES;
				GCC_C_LANGUAGE_STANDARD = gnu11;
				GCC_DYNAMIC_NO_PIC = NO;
				GCC_NO_COMMON_BLOCKS = YES;
				GCC_OPTIMIZATION_LEVEL = 0;
				GCC_PREPROCESSOR_DEFINITIONS = (
					"DEBUG=1",
					"$(inherited)",
				);
				GCC_WARN_64_TO_32_BIT_CONVERSION = YES;
				GCC_WARN_ABOUT_RETURN_TYPE = YES_ERROR;
				GCC_WARN_UNDECLARED_SELECTOR = YES;
				GCC_WARN_UNINITIALIZED_AUTOS = YES_AGGRESSIVE;
				GCC_WARN_UNUSED_FUNCTION = YES;
				GCC_WARN_UNUSED_VARIABLE = YES;
				IPHONEOS_DEPLOYMENT_TARGET = 16.4;
				MTL_ENABLE_DEBUG_INFO = INCLUDE_SOURCE;
				MTL_FAST_MATH = YES;
				ONLY_ACTIVE_ARCH = YES;
				SDKROOT = iphoneos;
				SWIFT_ACTIVE_COMPILATION_CONDITIONS = DEBUG;
				SWIFT_OPTIMIZATION_LEVEL = "-Onone";
			};
			name = Debug;
		};
		A0DA92932A28F4500028E82F /* Release */ = {
			isa = XCBuildConfiguration;
			buildSettings = {
				ALWAYS_SEARCH_USER_PATHS = NO;
				CLANG_ANALYZER_NONNULL = YES;
				CLANG_ANALYZER_NUMBER_OBJECT_CONVERSION = YES_AGGRESSIVE;
				CLANG_CXX_LANGUAGE_STANDARD = "gnu++20";
				CLANG_ENABLE_MODULES = YES;
				CLANG_ENABLE_OBJC_ARC = YES;
				CLANG_ENABLE_OBJC_WEAK = YES;
				CLANG_WARN_BLOCK_CAPTURE_AUTORELEASING = YES;
				CLANG_WARN_BOOL_CONVERSION = YES;
				CLANG_WARN_COMMA = YES;
				CLANG_WARN_CONSTANT_CONVERSION = YES;
				CLANG_WARN_DEPRECATED_OBJC_IMPLEMENTATIONS = YES;
				CLANG_WARN_DIRECT_OBJC_ISA_USAGE = YES_ERROR;
				CLANG_WARN_DOCUMENTATION_COMMENTS = YES;
				CLANG_WARN_EMPTY_BODY = YES;
				CLANG_WARN_ENUM_CONVERSION = YES;
				CLANG_WARN_INFINITE_RECURSION = YES;
				CLANG_WARN_INT_CONVERSION = YES;
				CLANG_WARN_NON_LITERAL_NULL_CONVERSION = YES;
				CLANG_WARN_OBJC_IMPLICIT_RETAIN_SELF = YES;
				CLANG_WARN_OBJC_LITERAL_CONVERSION = YES;
				CLANG_WARN_OBJC_ROOT_CLASS = YES_ERROR;
				CLANG_WARN_QUOTED_INCLUDE_IN_FRAMEWORK_HEADER = YES;
				CLANG_WARN_RANGE_LOOP_ANALYSIS = YES;
				CLANG_WARN_STRICT_PROTOTYPES = YES;
				CLANG_WARN_SUSPICIOUS_MOVE = YES;
				CLANG_WARN_UNGUARDED_AVAILABILITY = YES_AGGRESSIVE;
				CLANG_WARN_UNREACHABLE_CODE = YES;
				CLANG_WARN__DUPLICATE_METHOD_MATCH = YES;
				COPY_PHASE_STRIP = NO;
				DEBUG_INFORMATION_FORMAT = "dwarf-with-dsym";
				ENABLE_NS_ASSERTIONS = NO;
				ENABLE_STRICT_OBJC_MSGSEND = YES;
				GCC_C_LANGUAGE_STANDARD = gnu11;
				GCC_NO_COMMON_BLOCKS = YES;
				GCC_WARN_64_TO_32_BIT_CONVERSION = YES;
				GCC_WARN_ABOUT_RETURN_TYPE = YES_ERROR;
				GCC_WARN_UNDECLARED_SELECTOR = YES;
				GCC_WARN_UNINITIALIZED_AUTOS = YES_AGGRESSIVE;
				GCC_WARN_UNUSED_FUNCTION = YES;
				GCC_WARN_UNUSED_VARIABLE = YES;
				IPHONEOS_DEPLOYMENT_TARGET = 16.4;
				MTL_ENABLE_DEBUG_INFO = NO;
				MTL_FAST_MATH = YES;
				SDKROOT = iphoneos;
				SWIFT_COMPILATION_MODE = wholemodule;
				SWIFT_OPTIMIZATION_LEVEL = "-O";
				VALIDATE_PRODUCT = YES;
			};
			name = Release;
		};
		A0DA92952A28F4500028E82F /* Debug */ = {
			isa = XCBuildConfiguration;
			buildSettings = {
				ASSETCATALOG_COMPILER_APPICON_NAME = AppIcon;
				ASSETCATALOG_COMPILER_GLOBAL_ACCENT_COLOR_NAME = AccentColor;
				CODE_SIGN_STYLE = Automatic;
				CURRENT_PROJECT_VERSION = 1;
				DEVELOPMENT_ASSET_PATHS = "\"AutoSpotter/Preview Content\"";
				DEVELOPMENT_TEAM = 2V9PJ4F97F;
				ENABLE_PREVIEWS = YES;
				GENERATE_INFOPLIST_FILE = YES;
				INFOPLIST_KEY_UIApplicationSceneManifest_Generation = YES;
				INFOPLIST_KEY_UIApplicationSupportsIndirectInputEvents = YES;
				INFOPLIST_KEY_UILaunchScreen_Generation = YES;
				INFOPLIST_KEY_UISupportedInterfaceOrientations_iPad = "UIInterfaceOrientationPortrait UIInterfaceOrientationPortraitUpsideDown UIInterfaceOrientationLandscapeLeft UIInterfaceOrientationLandscapeRight";
				INFOPLIST_KEY_UISupportedInterfaceOrientations_iPhone = "UIInterfaceOrientationPortrait UIInterfaceOrientationLandscapeLeft UIInterfaceOrientationLandscapeRight";
				LD_RUNPATH_SEARCH_PATHS = (
					"$(inherited)",
					"@executable_path/Frameworks",
				);
				MARKETING_VERSION = 1.0;
				PRODUCT_BUNDLE_IDENTIFIER = com.MatthewLow.AutoSpotter;
				PRODUCT_NAME = "$(TARGET_NAME)";
				SWIFT_EMIT_LOC_STRINGS = YES;
				SWIFT_VERSION = 5.0;
				TARGETED_DEVICE_FAMILY = "1,2";
			};
			name = Debug;
		};
		A0DA92962A28F4500028E82F /* Release */ = {
			isa = XCBuildConfiguration;
			buildSettings = {
				ASSETCATALOG_COMPILER_APPICON_NAME = AppIcon;
				ASSETCATALOG_COMPILER_GLOBAL_ACCENT_COLOR_NAME = AccentColor;
				CODE_SIGN_STYLE = Automatic;
				CURRENT_PROJECT_VERSION = 1;
				DEVELOPMENT_ASSET_PATHS = "\"AutoSpotter/Preview Content\"";
				DEVELOPMENT_TEAM = 2V9PJ4F97F;
				ENABLE_PREVIEWS = YES;
				GENERATE_INFOPLIST_FILE = YES;
				INFOPLIST_KEY_UIApplicationSceneManifest_Generation = YES;
				INFOPLIST_KEY_UIApplicationSupportsIndirectInputEvents = YES;
				INFOPLIST_KEY_UILaunchScreen_Generation = YES;
				INFOPLIST_KEY_UISupportedInterfaceOrientations_iPad = "UIInterfaceOrientationPortrait UIInterfaceOrientationPortraitUpsideDown UIInterfaceOrientationLandscapeLeft UIInterfaceOrientationLandscapeRight";
				INFOPLIST_KEY_UISupportedInterfaceOrientations_iPhone = "UIInterfaceOrientationPortrait UIInterfaceOrientationLandscapeLeft UIInterfaceOrientationLandscapeRight";
				LD_RUNPATH_SEARCH_PATHS = (
					"$(inherited)",
					"@executable_path/Frameworks",
				);
				MARKETING_VERSION = 1.0;
				PRODUCT_BUNDLE_IDENTIFIER = com.MatthewLow.AutoSpotter;
				PRODUCT_NAME = "$(TARGET_NAME)";
				SWIFT_EMIT_LOC_STRINGS = YES;
				SWIFT_VERSION = 5.0;
				TARGETED_DEVICE_FAMILY = "1,2";
			};
			name = Release;
		};
/* End XCBuildConfiguration section */

/* Begin XCConfigurationList section */
		A0DA92812A28F4500028E82F /* Build configuration list for PBXProject "AutoSpotter" */ = {
			isa = XCConfigurationList;
			buildConfigurations = (
				A0DA92922A28F4500028E82F /* Debug */,
				A0DA92932A28F4500028E82F /* Release */,
			);
			defaultConfigurationIsVisible = 0;
			defaultConfigurationName = Release;
		};
		A0DA92942A28F4500028E82F /* Build configuration list for PBXNativeTarget "AutoSpotter" */ = {
			isa = XCConfigurationList;
			buildConfigurations = (
				A0DA92952A28F4500028E82F /* Debug */,
				A0DA92962A28F4500028E82F /* Release */,
			);
			defaultConfigurationIsVisible = 0;
			defaultConfigurationName = Release;
		};
/* End XCConfigurationList section */

/* Begin XCRemoteSwiftPackageReference section */
		A0F0B5932A2BECAA00BF960A /* XCRemoteSwiftPackageReference "firebase-ios-sdk" */ = {
			isa = XCRemoteSwiftPackageReference;
			repositoryURL = "https://github.com/firebase/firebase-ios-sdk.git";
			requirement = {
				kind = upToNextMajorVersion;
				minimumVersion = 10.0.0;
			};
		};
/* End XCRemoteSwiftPackageReference section */

/* Begin XCSwiftPackageProductDependency section */
		A0F0B5942A2BECAA00BF960A /* FirebaseAuth */ = {
			isa = XCSwiftPackageProductDependency;
			package = A0F0B5932A2BECAA00BF960A /* XCRemoteSwiftPackageReference "firebase-ios-sdk" */;
			productName = FirebaseAuth;
		};
		A0F0B5962A2BECAA00BF960A /* FirebaseFirestore */ = {
			isa = XCSwiftPackageProductDependency;
			package = A0F0B5932A2BECAA00BF960A /* XCRemoteSwiftPackageReference "firebase-ios-sdk" */;
			productName = FirebaseFirestore;
		};
/* End XCSwiftPackageProductDependency section */
	};
	rootObject = A0DA927E2A28F4500028E82F /* Project object */;
}
